
Microsoft Visual Studio Solution File, Format Version 12.00
# Visual Studio Version 16
VisualStudioVersion = 16.0.29123.88
MinimumVisualStudioVersion = 10.0.40219.1
Project("{FAE04EC0-301F-11D3-BF4B-00C04F79EFBC}") = "vistaFinal", "vistaFinal\vistaFinal.csproj", "{F54B11C4-B479-4971-B784-46BC9A223CCA}"
EndProject
Project("{FAE04EC0-301F-11D3-BF4B-00C04F79EFBC}") = "modeloFinal", "modeloFinal\modeloFinal.csproj", "{0A4FA43C-D15E-4776-932B-D0146F3F08C1}"
EndProject
Project("{FAE04EC0-301F-11D3-BF4B-00C04F79EFBC}") = "datosFinal", "datosFinal\datosFinal.csproj", "{B7FF88AE-B731-4E7B-9311-FA9D5E40744E}"
EndProject
Global
	GlobalSection(SolutionConfigurationPlatforms) = preSolution
		Debug|Any CPU = Debug|Any CPU
		Release|Any CPU = Release|Any CPU
	EndGlobalSection
	GlobalSection(ProjectConfigurationPlatforms) = postSolution
		{F54B11C4-B479-4971-B784-46BC9A223CCA}.Debug|Any CPU.ActiveCfg = Debug|Any CPU
		{F54B11C4-B479-4971-B784-46BC9A223CCA}.Debug|Any CPU.Build.0 = Debug|Any CPU
		{F54B11C4-B479-4971-B784-46BC9A223CCA}.Release|Any CPU.ActiveCfg = Release|Any CPU
		{F54B11C4-B479-4971-B784-46BC9A223CCA}.Release|Any CPU.Build.0 = Release|Any CPU
		{0A4FA43C-D15E-4776-932B-D0146F3F08C1}.Debug|Any CPU.ActiveCfg = Debug|Any CPU
		{0A4FA43C-D15E-4776-932B-D0146F3F08C1}.Debug|Any CPU.Build.0 = Debug|Any CPU
		{0A4FA43C-D15E-4776-932B-D0146F3F08C1}.Release|Any CPU.ActiveCfg = Release|Any CPU
		{0A4FA43C-D15E-4776-932B-D0146F3F08C1}.Release|Any CPU.Build.0 = Release|Any CPU
		{B7FF88AE-B731-4E7B-9311-FA9D5E40744E}.Debug|Any CPU.ActiveCfg = Debug|Any CPU
		{B7FF88AE-B731-4E7B-9311-FA9D5E40744E}.Debug|Any CPU.Build.0 = Debug|Any CPU
		{B7FF88AE-B731-4E7B-9311-FA9D5E40744E}.Release|Any CPU.ActiveCfg = Release|Any CPU
		{B7FF88AE-B731-4E7B-9311-FA9D5E40744E}.Release|Any CPU.Build.0 = Release|Any CPU
	EndGlobalSection
	GlobalSection(SolutionProperties) = preSolution
		HideSolutionNode = FALSE
	EndGlobalSection
	GlobalSection(ExtensibilityGlobals) = postSolution
		SolutionGuid = {A71748B7-9512-4716-84C8-5D1B7906EEB8}
	EndGlobalSection
EndGlobal
